{
  "version": 4,
  "terraform_version": "1.6.5",
  "serial": 17,
  "lineage": "ddcc6279-c28c-079e-e38b-00e9f4e762e8",
  "outputs": {
    "private_instance_ip": {
      "value": "10.0.2.21",
      "type": "string"
    },
    "public_instance_ip": {
      "value": "44.202.10.74",
      "type": "string"
    }
  },
  "resources": [
    {
      "module": "module.ec2_instance",
      "mode": "managed",
      "type": "aws_instance",
      "name": "private_instance",
      "provider": "provider[\"registry.terraform.io/hashicorp/aws\"]",
      "instances": [
        {
          "schema_version": 1,
          "attributes": {
            "ami": "ami-0edfdbcc76d7d3ef8",
            "arn": "arn:aws:ec2:us-east-1:644467192437:instance/i-0e6a74891002bc118",
            "associate_public_ip_address": false,
            "availability_zone": "us-east-1b",
            "capacity_reservation_specification": [
              {
                "capacity_reservation_preference": "open",
                "capacity_reservation_target": []
              }
            ],
            "cpu_core_count": 1,
            "cpu_options": [
              {
                "amd_sev_snp": "",
                "core_count": 1,
                "threads_per_core": 1
              }
            ],
            "cpu_threads_per_core": 1,
            "credit_specification": [
              {
                "cpu_credits": "standard"
              }
            ],
            "disable_api_stop": false,
            "disable_api_termination": false,
            "ebs_block_device": [],
            "ebs_optimized": false,
            "enclave_options": [
              {
                "enabled": false
              }
            ],
            "ephemeral_block_device": [],
            "get_password_data": false,
            "hibernation": false,
            "host_id": "",
            "host_resource_group_arn": null,
            "iam_instance_profile": "",
            "id": "i-0e6a74891002bc118",
            "instance_initiated_shutdown_behavior": "stop",
            "instance_lifecycle": "",
            "instance_market_options": [],
            "instance_state": "running",
            "instance_type": "t2.micro",
            "ipv6_address_count": 0,
            "ipv6_addresses": [],
            "key_name": "ec2-keypair",
            "launch_template": [],
            "maintenance_options": [
              {
                "auto_recovery": "default"
              }
            ],
            "metadata_options": [
              {
                "http_endpoint": "enabled",
                "http_protocol_ipv6": "disabled",
                "http_put_response_hop_limit": 1,
                "http_tokens": "optional",
                "instance_metadata_tags": "disabled"
              }
            ],
            "monitoring": false,
            "network_interface": [],
            "outpost_arn": "",
            "password_data": "",
            "placement_group": "",
            "placement_partition_number": 0,
            "primary_network_interface_id": "eni-06c0a98f6a0d59470",
            "private_dns": "ip-10-0-2-21.ec2.internal",
            "private_dns_name_options": [
              {
                "enable_resource_name_dns_a_record": false,
                "enable_resource_name_dns_aaaa_record": false,
                "hostname_type": "ip-name"
              }
            ],
            "private_ip": "10.0.2.21",
            "public_dns": "",
            "public_ip": "",
            "root_block_device": [
              {
                "delete_on_termination": true,
                "device_name": "/dev/xvda",
                "encrypted": false,
                "iops": 100,
                "kms_key_id": "",
                "tags": {},
                "throughput": 0,
                "volume_id": "vol-0657d2842ed290127",
                "volume_size": 10,
                "volume_type": "gp2"
              }
            ],
            "secondary_private_ips": [],
            "security_groups": [],
            "source_dest_check": true,
            "spot_instance_request_id": "",
            "subnet_id": "subnet-0dd720d306cd9b203",
            "tags": {
              "Name": "Private Instance"
            },
            "tags_all": {
              "Name": "Private Instance"
            },
            "tenancy": "default",
            "timeouts": null,
            "user_data": "2e93bef29c3275fa6d9ad0acb9c0366a9e323e67",
            "user_data_base64": null,
            "user_data_replace_on_change": false,
            "volume_tags": null,
            "vpc_security_group_ids": [
              "sg-00041fe58cca331f2"
            ]
          },
          "sensitive_attributes": [],
          "private": "eyJlMmJmYjczMC1lY2FhLTExZTYtOGY4OC0zNDM2M2JjN2M0YzAiOnsiY3JlYXRlIjo2MDAwMDAwMDAwMDAsImRlbGV0ZSI6MTIwMDAwMDAwMDAwMCwidXBkYXRlIjo2MDAwMDAwMDAwMDB9LCJzY2hlbWFfdmVyc2lvbiI6IjEifQ==",
          "dependencies": [
            "module.network.aws_security_group.sg",
            "module.network.aws_subnet.private_subnet",
            "module.network.aws_vpc.main",
            "module.ssh.aws_key_pair.key_pair",
            "module.ssh.tls_private_key.ssh_key"
          ]
        }
      ]
    },
    {
      "module": "module.ec2_instance",
      "mode": "managed",
      "type": "aws_instance",
      "name": "public_instance",
      "provider": "provider[\"registry.terraform.io/hashicorp/aws\"]",
      "instances": [
        {
          "schema_version": 1,
          "attributes": {
            "ami": "ami-0edfdbcc76d7d3ef8",
            "arn": "arn:aws:ec2:us-east-1:644467192437:instance/i-0e2b962d2f5ac2fc5",
            "associate_public_ip_address": true,
            "availability_zone": "us-east-1b",
            "capacity_reservation_specification": [
              {
                "capacity_reservation_preference": "open",
                "capacity_reservation_target": []
              }
            ],
            "cpu_core_count": 1,
            "cpu_options": [
              {
                "amd_sev_snp": "",
                "core_count": 1,
                "threads_per_core": 1
              }
            ],
            "cpu_threads_per_core": 1,
            "credit_specification": [
              {
                "cpu_credits": "standard"
              }
            ],
            "disable_api_stop": false,
            "disable_api_termination": false,
            "ebs_block_device": [],
            "ebs_optimized": false,
            "enclave_options": [
              {
                "enabled": false
              }
            ],
            "ephemeral_block_device": [],
            "get_password_data": false,
            "hibernation": false,
            "host_id": "",
            "host_resource_group_arn": null,
            "iam_instance_profile": "",
            "id": "i-0e2b962d2f5ac2fc5",
            "instance_initiated_shutdown_behavior": "stop",
            "instance_lifecycle": "",
            "instance_market_options": [],
            "instance_state": "running",
            "instance_type": "t2.micro",
            "ipv6_address_count": 0,
            "ipv6_addresses": [],
            "key_name": "ec2-keypair",
            "launch_template": [],
            "maintenance_options": [
              {
                "auto_recovery": "default"
              }
            ],
            "metadata_options": [
              {
                "http_endpoint": "enabled",
                "http_protocol_ipv6": "disabled",
                "http_put_response_hop_limit": 1,
                "http_tokens": "optional",
                "instance_metadata_tags": "disabled"
              }
            ],
            "monitoring": false,
            "network_interface": [],
            "outpost_arn": "",
            "password_data": "",
            "placement_group": "",
            "placement_partition_number": 0,
            "primary_network_interface_id": "eni-0fd8d4388cac78364",
            "private_dns": "ip-10-0-1-108.ec2.internal",
            "private_dns_name_options": [
              {
                "enable_resource_name_dns_a_record": false,
                "enable_resource_name_dns_aaaa_record": false,
                "hostname_type": "ip-name"
              }
            ],
            "private_ip": "10.0.1.108",
            "public_dns": "ec2-44-202-10-74.compute-1.amazonaws.com",
            "public_ip": "44.202.10.74",
            "root_block_device": [
              {
                "delete_on_termination": true,
                "device_name": "/dev/xvda",
                "encrypted": false,
                "iops": 100,
                "kms_key_id": "",
                "tags": {},
                "throughput": 0,
                "volume_id": "vol-0c1b5be8b667c10d8",
                "volume_size": 10,
                "volume_type": "gp2"
              }
            ],
            "secondary_private_ips": [],
            "security_groups": [],
            "source_dest_check": true,
            "spot_instance_request_id": "",
            "subnet_id": "subnet-04487bf29ab663cff",
            "tags": {
              "Name": "Public Instance"
            },
            "tags_all": {
              "Name": "Public Instance"
            },
            "tenancy": "default",
            "timeouts": null,
            "user_data": null,
            "user_data_base64": null,
            "user_data_replace_on_change": false,
            "volume_tags": null,
            "vpc_security_group_ids": [
              "sg-00041fe58cca331f2"
            ]
          },
          "sensitive_attributes": [],
          "private": "eyJlMmJmYjczMC1lY2FhLTExZTYtOGY4OC0zNDM2M2JjN2M0YzAiOnsiY3JlYXRlIjo2MDAwMDAwMDAwMDAsImRlbGV0ZSI6MTIwMDAwMDAwMDAwMCwidXBkYXRlIjo2MDAwMDAwMDAwMDB9LCJzY2hlbWFfdmVyc2lvbiI6IjEifQ==",
          "dependencies": [
            "module.network.aws_security_group.sg",
            "module.network.aws_subnet.public_subnet",
            "module.network.aws_vpc.main",
            "module.ssh.aws_key_pair.key_pair",
            "module.ssh.tls_private_key.ssh_key"
          ]
        }
      ]
    },
    {
      "module": "module.network",
      "mode": "managed",
      "type": "aws_eip",
      "name": "nat",
      "provider": "provider[\"registry.terraform.io/hashicorp/aws\"]",
      "instances": [
        {
          "schema_version": 0,
          "attributes": {
            "address": null,
            "allocation_id": "eipalloc-0e688f222b46c03d6",
            "associate_with_private_ip": null,
            "association_id": "",
            "carrier_ip": "",
            "customer_owned_ip": "",
            "customer_owned_ipv4_pool": "",
            "domain": "vpc",
            "id": "eipalloc-0e688f222b46c03d6",
            "instance": "",
            "network_border_group": "us-east-1",
            "network_interface": "",
            "private_dns": null,
            "private_ip": "",
            "public_dns": "ec2-34-206-9-250.compute-1.amazonaws.com",
            "public_ip": "34.206.9.250",
            "public_ipv4_pool": "amazon",
            "tags": null,
            "tags_all": {},
            "timeouts": null,
            "vpc": true
          },
          "sensitive_attributes": [],
          "private": "eyJlMmJmYjczMC1lY2FhLTExZTYtOGY4OC0zNDM2M2JjN2M0YzAiOnsiZGVsZXRlIjoxODAwMDAwMDAwMDAsInJlYWQiOjkwMDAwMDAwMDAwMCwidXBkYXRlIjozMDAwMDAwMDAwMDB9fQ=="
        }
      ]
    },
    {
      "module": "module.network",
      "mode": "managed",
      "type": "aws_internet_gateway",
      "name": "gw",
      "provider": "provider[\"registry.terraform.io/hashicorp/aws\"]",
      "instances": [
        {
          "schema_version": 0,
          "attributes": {
            "arn": "arn:aws:ec2:us-east-1:644467192437:internet-gateway/igw-040dd5cc40b8b80dc",
            "id": "igw-040dd5cc40b8b80dc",
            "owner_id": "644467192437",
            "tags": null,
            "tags_all": {},
            "timeouts": null,
            "vpc_id": "vpc-0b7e0b5f16bfbaa15"
          },
          "sensitive_attributes": [],
          "private": "eyJlMmJmYjczMC1lY2FhLTExZTYtOGY4OC0zNDM2M2JjN2M0YzAiOnsiY3JlYXRlIjoxMjAwMDAwMDAwMDAwLCJkZWxldGUiOjEyMDAwMDAwMDAwMDAsInVwZGF0ZSI6MTIwMDAwMDAwMDAwMH19",
          "dependencies": [
            "module.network.aws_vpc.main"
          ]
        }
      ]
    },
    {
      "module": "module.network",
      "mode": "managed",
      "type": "aws_nat_gateway",
      "name": "nat",
      "provider": "provider[\"registry.terraform.io/hashicorp/aws\"]",
      "instances": [
        {
          "schema_version": 0,
          "attributes": {
            "allocation_id": "eipalloc-0e688f222b46c03d6",
            "association_id": "eipassoc-00a4cb1ad9553b1ba",
            "connectivity_type": "public",
            "id": "nat-0d031206a5fb9c4ff",
            "network_interface_id": "eni-0ea79c0320c7beba6",
            "private_ip": "10.0.1.35",
            "public_ip": "34.206.9.250",
            "secondary_allocation_ids": null,
            "secondary_private_ip_address_count": 0,
            "secondary_private_ip_addresses": [],
            "subnet_id": "subnet-04487bf29ab663cff",
            "tags": null,
            "tags_all": {},
            "timeouts": null
          },
          "sensitive_attributes": [],
          "private": "eyJlMmJmYjczMC1lY2FhLTExZTYtOGY4OC0zNDM2M2JjN2M0YzAiOnsiY3JlYXRlIjo2MDAwMDAwMDAwMDAsImRlbGV0ZSI6MTgwMDAwMDAwMDAwMCwidXBkYXRlIjo2MDAwMDAwMDAwMDB9fQ==",
          "dependencies": [
            "module.network.aws_eip.nat",
            "module.network.aws_subnet.public_subnet",
            "module.network.aws_vpc.main"
          ]
        }
      ]
    },
    {
      "module": "module.network",
      "mode": "managed",
      "type": "aws_route_table",
      "name": "private",
      "provider": "provider[\"registry.terraform.io/hashicorp/aws\"]",
      "instances": [
        {
          "schema_version": 0,
          "attributes": {
            "arn": "arn:aws:ec2:us-east-1:644467192437:route-table/rtb-025e6124ee7769cc3",
            "id": "rtb-025e6124ee7769cc3",
            "owner_id": "644467192437",
            "propagating_vgws": [],
            "route": [
              {
                "carrier_gateway_id": "",
                "cidr_block": "0.0.0.0/0",
                "core_network_arn": "",
                "destination_prefix_list_id": "",
                "egress_only_gateway_id": "",
                "gateway_id": "",
                "ipv6_cidr_block": "",
                "local_gateway_id": "",
                "nat_gateway_id": "nat-0d031206a5fb9c4ff",
                "network_interface_id": "",
                "transit_gateway_id": "",
                "vpc_endpoint_id": "",
                "vpc_peering_connection_id": ""
              }
            ],
            "tags": null,
            "tags_all": {},
            "timeouts": null,
            "vpc_id": "vpc-0b7e0b5f16bfbaa15"
          },
          "sensitive_attributes": [],
          "private": "eyJlMmJmYjczMC1lY2FhLTExZTYtOGY4OC0zNDM2M2JjN2M0YzAiOnsiY3JlYXRlIjozMDAwMDAwMDAwMDAsImRlbGV0ZSI6MzAwMDAwMDAwMDAwLCJ1cGRhdGUiOjEyMDAwMDAwMDAwMH19",
          "dependencies": [
            "module.network.aws_eip.nat",
            "module.network.aws_nat_gateway.nat",
            "module.network.aws_subnet.public_subnet",
            "module.network.aws_vpc.main"
          ]
        }
      ]
    },
    {
      "module": "module.network",
      "mode": "managed",
      "type": "aws_route_table",
      "name": "public",
      "provider": "provider[\"registry.terraform.io/hashicorp/aws\"]",
      "instances": [
        {
          "schema_version": 0,
          "attributes": {
            "arn": "arn:aws:ec2:us-east-1:644467192437:route-table/rtb-05754bc2767a23dc2",
            "id": "rtb-05754bc2767a23dc2",
            "owner_id": "644467192437",
            "propagating_vgws": [],
            "route": [
              {
                "carrier_gateway_id": "",
                "cidr_block": "0.0.0.0/0",
                "core_network_arn": "",
                "destination_prefix_list_id": "",
                "egress_only_gateway_id": "",
                "gateway_id": "igw-040dd5cc40b8b80dc",
                "ipv6_cidr_block": "",
                "local_gateway_id": "",
                "nat_gateway_id": "",
                "network_interface_id": "",
                "transit_gateway_id": "",
                "vpc_endpoint_id": "",
                "vpc_peering_connection_id": ""
              }
            ],
            "tags": null,
            "tags_all": {},
            "timeouts": null,
            "vpc_id": "vpc-0b7e0b5f16bfbaa15"
          },
          "sensitive_attributes": [],
          "private": "eyJlMmJmYjczMC1lY2FhLTExZTYtOGY4OC0zNDM2M2JjN2M0YzAiOnsiY3JlYXRlIjozMDAwMDAwMDAwMDAsImRlbGV0ZSI6MzAwMDAwMDAwMDAwLCJ1cGRhdGUiOjEyMDAwMDAwMDAwMH19",
          "dependencies": [
            "module.network.aws_internet_gateway.gw",
            "module.network.aws_vpc.main"
          ]
        }
      ]
    },
    {
      "module": "module.network",
      "mode": "managed",
      "type": "aws_route_table_association",
      "name": "private",
      "provider": "provider[\"registry.terraform.io/hashicorp/aws\"]",
      "instances": [
        {
          "schema_version": 0,
          "attributes": {
            "gateway_id": "",
            "id": "rtbassoc-056349f53f0da7ba1",
            "route_table_id": "rtb-025e6124ee7769cc3",
            "subnet_id": "subnet-0dd720d306cd9b203",
            "timeouts": null
          },
          "sensitive_attributes": [],
          "private": "eyJlMmJmYjczMC1lY2FhLTExZTYtOGY4OC0zNDM2M2JjN2M0YzAiOnsiY3JlYXRlIjozMDAwMDAwMDAwMDAsImRlbGV0ZSI6MzAwMDAwMDAwMDAwLCJ1cGRhdGUiOjEyMDAwMDAwMDAwMH19",
          "dependencies": [
            "module.network.aws_eip.nat",
            "module.network.aws_nat_gateway.nat",
            "module.network.aws_route_table.private",
            "module.network.aws_subnet.private_subnet",
            "module.network.aws_subnet.public_subnet",
            "module.network.aws_vpc.main"
          ]
        }
      ]
    },
    {
      "module": "module.network",
      "mode": "managed",
      "type": "aws_route_table_association",
      "name": "public",
      "provider": "provider[\"registry.terraform.io/hashicorp/aws\"]",
      "instances": [
        {
          "schema_version": 0,
          "attributes": {
            "gateway_id": "",
            "id": "rtbassoc-0545dfd26d19cf2ab",
            "route_table_id": "rtb-05754bc2767a23dc2",
            "subnet_id": "subnet-04487bf29ab663cff",
            "timeouts": null
          },
          "sensitive_attributes": [],
          "private": "eyJlMmJmYjczMC1lY2FhLTExZTYtOGY4OC0zNDM2M2JjN2M0YzAiOnsiY3JlYXRlIjozMDAwMDAwMDAwMDAsImRlbGV0ZSI6MzAwMDAwMDAwMDAwLCJ1cGRhdGUiOjEyMDAwMDAwMDAwMH19",
          "dependencies": [
            "module.network.aws_internet_gateway.gw",
            "module.network.aws_route_table.public",
            "module.network.aws_subnet.public_subnet",
            "module.network.aws_vpc.main"
          ]
        }
      ]
    },
    {
      "module": "module.network",
      "mode": "managed",
      "type": "aws_security_group",
      "name": "sg",
      "provider": "provider[\"registry.terraform.io/hashicorp/aws\"]",
      "instances": [
        {
          "schema_version": 1,
          "attributes": {
            "arn": "arn:aws:ec2:us-east-1:644467192437:security-group/sg-00041fe58cca331f2",
            "description": "Managed by Terraform",
            "egress": [
              {
                "cidr_blocks": [
                  "0.0.0.0/0"
                ],
                "description": "",
                "from_port": 0,
                "ipv6_cidr_blocks": [],
                "prefix_list_ids": [],
                "protocol": "-1",
                "security_groups": [],
                "self": false,
                "to_port": 0
              }
            ],
            "id": "sg-00041fe58cca331f2",
            "ingress": [
              {
                "cidr_blocks": [
                  "0.0.0.0/0"
                ],
                "description": "",
                "from_port": 22,
                "ipv6_cidr_blocks": [],
                "prefix_list_ids": [],
                "protocol": "tcp",
                "security_groups": [],
                "self": false,
                "to_port": 22
              },
              {
                "cidr_blocks": [
                  "0.0.0.0/0"
                ],
                "description": "",
                "from_port": 80,
                "ipv6_cidr_blocks": [],
                "prefix_list_ids": [],
                "protocol": "tcp",
                "security_groups": [],
                "self": false,
                "to_port": 80
              },
              {
                "cidr_blocks": [
                  "10.0.2.0/24"
                ],
                "description": "",
                "from_port": 80,
                "ipv6_cidr_blocks": [],
                "prefix_list_ids": [],
                "protocol": "tcp",
                "security_groups": [],
                "self": false,
                "to_port": 80
              }
            ],
            "name": "terraform-20231212062049838500000001",
            "name_prefix": "terraform-",
            "owner_id": "644467192437",
            "revoke_rules_on_delete": false,
            "tags": null,
            "tags_all": {},
            "timeouts": null,
            "vpc_id": "vpc-0b7e0b5f16bfbaa15"
          },
          "sensitive_attributes": [],
          "private": "eyJlMmJmYjczMC1lY2FhLTExZTYtOGY4OC0zNDM2M2JjN2M0YzAiOnsiY3JlYXRlIjo2MDAwMDAwMDAwMDAsImRlbGV0ZSI6OTAwMDAwMDAwMDAwfSwic2NoZW1hX3ZlcnNpb24iOiIxIn0=",
          "dependencies": [
            "module.network.aws_vpc.main"
          ]
        }
      ]
    },
    {
      "module": "module.network",
      "mode": "managed",
      "type": "aws_subnet",
      "name": "private_subnet",
      "provider": "provider[\"registry.terraform.io/hashicorp/aws\"]",
      "instances": [
        {
          "schema_version": 1,
          "attributes": {
            "arn": "arn:aws:ec2:us-east-1:644467192437:subnet/subnet-0dd720d306cd9b203",
            "assign_ipv6_address_on_creation": false,
            "availability_zone": "us-east-1b",
            "availability_zone_id": "use1-az2",
            "cidr_block": "10.0.2.0/24",
            "customer_owned_ipv4_pool": "",
            "enable_dns64": false,
            "enable_lni_at_device_index": 0,
            "enable_resource_name_dns_a_record_on_launch": false,
            "enable_resource_name_dns_aaaa_record_on_launch": false,
            "id": "subnet-0dd720d306cd9b203",
            "ipv6_cidr_block": "",
            "ipv6_cidr_block_association_id": "",
            "ipv6_native": false,
            "map_customer_owned_ip_on_launch": false,
            "map_public_ip_on_launch": false,
            "outpost_arn": "",
            "owner_id": "644467192437",
            "private_dns_hostname_type_on_launch": "ip-name",
            "tags": null,
            "tags_all": {},
            "timeouts": null,
            "vpc_id": "vpc-0b7e0b5f16bfbaa15"
          },
          "sensitive_attributes": [],
          "private": "eyJlMmJmYjczMC1lY2FhLTExZTYtOGY4OC0zNDM2M2JjN2M0YzAiOnsiY3JlYXRlIjo2MDAwMDAwMDAwMDAsImRlbGV0ZSI6MTIwMDAwMDAwMDAwMH0sInNjaGVtYV92ZXJzaW9uIjoiMSJ9",
          "dependencies": [
            "module.network.aws_vpc.main"
          ]
        }
      ]
    },
    {
      "module": "module.network",
      "mode": "managed",
      "type": "aws_subnet",
      "name": "public_subnet",
      "provider": "provider[\"registry.terraform.io/hashicorp/aws\"]",
      "instances": [
        {
          "schema_version": 1,
          "attributes": {
            "arn": "arn:aws:ec2:us-east-1:644467192437:subnet/subnet-04487bf29ab663cff",
            "assign_ipv6_address_on_creation": false,
            "availability_zone": "us-east-1b",
            "availability_zone_id": "use1-az2",
            "cidr_block": "10.0.1.0/24",
            "customer_owned_ipv4_pool": "",
            "enable_dns64": false,
            "enable_lni_at_device_index": 0,
            "enable_resource_name_dns_a_record_on_launch": false,
            "enable_resource_name_dns_aaaa_record_on_launch": false,
            "id": "subnet-04487bf29ab663cff",
            "ipv6_cidr_block": "",
            "ipv6_cidr_block_association_id": "",
            "ipv6_native": false,
            "map_customer_owned_ip_on_launch": false,
            "map_public_ip_on_launch": true,
            "outpost_arn": "",
            "owner_id": "644467192437",
            "private_dns_hostname_type_on_launch": "ip-name",
            "tags": null,
            "tags_all": {},
            "timeouts": null,
            "vpc_id": "vpc-0b7e0b5f16bfbaa15"
          },
          "sensitive_attributes": [],
          "private": "eyJlMmJmYjczMC1lY2FhLTExZTYtOGY4OC0zNDM2M2JjN2M0YzAiOnsiY3JlYXRlIjo2MDAwMDAwMDAwMDAsImRlbGV0ZSI6MTIwMDAwMDAwMDAwMH0sInNjaGVtYV92ZXJzaW9uIjoiMSJ9",
          "dependencies": [
            "module.network.aws_vpc.main"
          ]
        }
      ]
    },
    {
      "module": "module.network",
      "mode": "managed",
      "type": "aws_vpc",
      "name": "main",
      "provider": "provider[\"registry.terraform.io/hashicorp/aws\"]",
      "instances": [
        {
          "schema_version": 1,
          "attributes": {
            "arn": "arn:aws:ec2:us-east-1:644467192437:vpc/vpc-0b7e0b5f16bfbaa15",
            "assign_generated_ipv6_cidr_block": false,
            "cidr_block": "10.0.0.0/16",
            "default_network_acl_id": "acl-0a7d298393ef939da",
            "default_route_table_id": "rtb-0c716b1bf0142afd9",
            "default_security_group_id": "sg-0fb0814f02bf3128f",
            "dhcp_options_id": "dopt-0db18d4fda1b87fbd",
            "enable_dns_hostnames": true,
            "enable_dns_support": true,
            "enable_network_address_usage_metrics": false,
            "id": "vpc-0b7e0b5f16bfbaa15",
            "instance_tenancy": "default",
            "ipv4_ipam_pool_id": null,
            "ipv4_netmask_length": null,
            "ipv6_association_id": "",
            "ipv6_cidr_block": "",
            "ipv6_cidr_block_network_border_group": "",
            "ipv6_ipam_pool_id": "",
            "ipv6_netmask_length": 0,
            "main_route_table_id": "rtb-0c716b1bf0142afd9",
            "owner_id": "644467192437",
            "tags": null,
            "tags_all": {}
          },
          "sensitive_attributes": [],
          "private": "eyJzY2hlbWFfdmVyc2lvbiI6IjEifQ=="
        }
      ]
    },
    {
      "module": "module.ssh",
      "mode": "managed",
      "type": "aws_key_pair",
      "name": "key_pair",
      "provider": "provider[\"registry.terraform.io/hashicorp/aws\"]",
      "instances": [
        {
          "schema_version": 1,
          "attributes": {
            "arn": "arn:aws:ec2:us-east-1:644467192437:key-pair/ec2-keypair",
            "fingerprint": "eb:ad:d3:e5:80:b7:dd:00:7a:bc:32:94:43:2e:6c:90",
            "id": "ec2-keypair",
            "key_name": "ec2-keypair",
            "key_name_prefix": "",
            "key_pair_id": "key-062bd754057c23a63",
            "key_type": "rsa",
            "public_key": "ssh-rsa AAAAB3NzaC1yc2EAAAADAQABAAABAQDflr01+v6+QQM670XusNq+e4QpFcuI7KwCwM9VJBAp7Xxaa5f9mHTTVbBwQotWwBQpuUABbeEn6tIR7nQ9vpw58Fuh3L5vkjyEkRVUdKrOQqBr4pq4P/XlGDMvCKpyLm5jGjQbm+81eRnu1CpfdSCaWjVqzGSMKyHIleKJ/3C6WxmzXWmA7/btvS097N0b8iUDNEmUzTAkRgMnaJ7/r+rPKDalPNq1iM5l17grZQuCqHs4R+NrwjC9STz+me0yeDRsPzntY/1Yck4e7YtFx9M6sd+Oy3E3u2dWTODDARWt13iucyabAGKvZ6PtXA5Hk/pa8Xv030OLWCj8EoaOE9v/",
            "tags": null,
            "tags_all": {}
          },
          "sensitive_attributes": [],
          "private": "eyJzY2hlbWFfdmVyc2lvbiI6IjEifQ==",
          "dependencies": [
            "module.ssh.tls_private_key.ssh_key"
          ]
        }
      ]
    },
    {
      "module": "module.ssh",
      "mode": "managed",
      "type": "local_file",
      "name": "private_key",
      "provider": "provider[\"registry.terraform.io/hashicorp/local\"]",
      "instances": [
        {
          "schema_version": 0,
          "attributes": {
            "content": "-----BEGIN RSA PRIVATE KEY-----\nMIIEpAIBAAKCAQEA35a9Nfr+vkEDOu9F7rDavnuEKRXLiOysAsDPVSQQKe18WmuX\n/Zh001WwcEKLVsAUKblAAW3hJ+rSEe50Pb6cOfBbody+b5I8hJEVVHSqzkKga+Ka\nuD/15RgzLwiqci5uYxo0G5vvNXkZ7tQqX3Ugmlo1asxkjCshyJXiif9wulsZs11p\ngO/27b0tPezdG/IlAzRJlM0wJEYDJ2ie/6/qzyg2pTzatYjOZde4K2ULgqh7OEfj\na8IwvUk8/pntMng0bD857WP9WHJOHu2LRcfTOrHfjstxN7tnVkzgwwEVrdd4rnMm\nmwBir2ej7VwOR5P6WvF79N9Di1go/BKGjhPb/wIDAQABAoIBAFhazwaH2yb/tfES\nIMaEKMzhLoa10CqZrBeibcwtZh3LdTqeDf/uwSvKTuDtyvZLDSy3we1OqI0HpF/l\npRXJPx8+NleuTar1VOjmFFG9kMnVVmOLtqxcyiTv/Tn26LQaWRDch/7pDgxJgM/6\nE4yJUorsXvOHNayWVtFXOaBiyv84x4CNrGBmxvZweiOzrWDFfqxw5GA0npcL+T7U\nrpDDkr6wLLElyhENjriT3AVo1Ab+jeXjRDSJlelQerTCqhea8gf8tDnRaBKv54R5\nIRbnxlcs7QOocuc1HulQNw+7DguQ8u98/uHwY+Fv46nOETHSacQSUQ7f5rTM7g+q\n+EXuRtECgYEA4q9WlRT7LEhlRP+xJ3HHHNnhT1cZD7Huk7EDyY6vtWF8fLgDbK3d\nMbnhLvTxQdB/xPeNS25kyrg+tf/QpRu6jnEt3fibWgRxZGVOGWdbWQvzxuhyTWY/\nXUenWEHHa8iWGmS3TBL/AehGCu/47doo+sAWS+EV0Gbn/QG5+fSDHbMCgYEA/IDm\nu+0U4mWwoO5xoZL4K2RXausdc+YHe7EroC/WhNdkFh7IWpuNfCYik8v7sQZfdzPO\nwg/aCwelmhm4Esle/mwBe12HM2j1uKH9z4nCuIwQRxpsIhoKKeb1FV2ZSu9J4liu\nNXGS4tNkDZNiREVyeb0EiQKY8Exli/6G4+8p2oUCgYEAjnYJIOotrDfXRRS4XgS4\nUN5xJe6j9mQpfrIZojtFG+WnWa4/oLZns8+QwHT5hhYlpkC5kLVRLMG7z590nb8e\ncFSascyCvYDbTnAINBjrpLvJObFt3Eys98+HUQUN8iP+iZnQREQP9T/nfQoxVDHt\n3SCJIqjTj8SMeUnzei37lNcCgYEAkzaPz2bk8y24ccsy4rGuEJZaxRI4xLaLDFl6\nBtV9K0vspVzjELh6H7SYGjUmE8qUZAoHdGsLg7y8lwCBqipPQOQ1ZPhdd+KsyC1h\nrdsydKfsYZgNDUDDRjTKFN/SHLcwC1AKmUwTCD2YqrWP6B/ZIxLJjxu9kPPpjFoj\nyMZKT4UCgYA4zv/q9cbgZvyOPm+tDL0z+6N2SHIf9BOi8rtYmVBo+8MeLzzjYlVE\n+aI0mh36s/0oBcn+i4Ljk7vW49KG6TjDl0sF5il8cYlm0rSb1vhS9DIBNA5amdEn\niRYxqZVZ2wrOfXOAGRGoBX4GBLx3DVHRzMer5PaJ7ZhfiQDtg+vYwQ==\n-----END RSA PRIVATE KEY-----\n",
            "content_base64": null,
            "content_base64sha256": "dRn6zv3BJKdBn02mZ5F0e3FKVC6vbVBDIMtHMUs9mTA=",
            "content_base64sha512": "XDkMkaSkBO5eQ+itSdB8BxDHUA1GzSF6P4g232eFXLtA5IetLoIErrOLtQNr2UXHX1Fq2TCC6euCjG1cEnWe9Q==",
            "content_md5": "d9e037a11991a041399d95fca77727b8",
            "content_sha1": "c602dddfbc3e4645789084ff144af051c87e60c2",
            "content_sha256": "7519facefdc124a7419f4da66791747b714a542eaf6d504320cb47314b3d9930",
            "content_sha512": "5c390c91a4a404ee5e43e8ad49d07c0710c7500d46cd217a3f8836df67855cbb40e487ad2e8204aeb38bb5036bd945c75f516ad93082e9eb828c6d5c12759ef5",
            "directory_permission": "0777",
            "file_permission": "0777",
            "filename": "./private_key.pem",
            "id": "c602dddfbc3e4645789084ff144af051c87e60c2",
            "sensitive_content": null,
            "source": null
          },
          "sensitive_attributes": [
            [
              {
                "type": "get_attr",
                "value": "content"
              }
            ]
          ],
          "dependencies": [
            "module.ssh.tls_private_key.ssh_key"
          ]
        }
      ]
    },
    {
      "module": "module.ssh",
      "mode": "managed",
      "type": "tls_private_key",
      "name": "ssh_key",
      "provider": "provider[\"registry.terraform.io/hashicorp/tls\"]",
      "instances": [
        {
          "schema_version": 1,
          "attributes": {
            "algorithm": "RSA",
            "ecdsa_curve": "P224",
            "id": "e2ae0c60a5cdf4347f1c30ff9133c93cc8005f3f",
            "private_key_openssh": "-----BEGIN OPENSSH PRIVATE KEY-----\nb3BlbnNzaC1rZXktdjEAAAAABG5vbmUAAAAEbm9uZQAAAAAAAAABAAABFwAAAAdz\nc2gtcnNhAAAAAwEAAQAAAQEA35a9Nfr+vkEDOu9F7rDavnuEKRXLiOysAsDPVSQQ\nKe18WmuX/Zh001WwcEKLVsAUKblAAW3hJ+rSEe50Pb6cOfBbody+b5I8hJEVVHSq\nzkKga+KauD/15RgzLwiqci5uYxo0G5vvNXkZ7tQqX3Ugmlo1asxkjCshyJXiif9w\nulsZs11pgO/27b0tPezdG/IlAzRJlM0wJEYDJ2ie/6/qzyg2pTzatYjOZde4K2UL\ngqh7OEfja8IwvUk8/pntMng0bD857WP9WHJOHu2LRcfTOrHfjstxN7tnVkzgwwEV\nrdd4rnMmmwBir2ej7VwOR5P6WvF79N9Di1go/BKGjhPb/wAAA7jiSWOG4kljhgAA\nAAdzc2gtcnNhAAABAQDflr01+v6+QQM670XusNq+e4QpFcuI7KwCwM9VJBAp7Xxa\na5f9mHTTVbBwQotWwBQpuUABbeEn6tIR7nQ9vpw58Fuh3L5vkjyEkRVUdKrOQqBr\n4pq4P/XlGDMvCKpyLm5jGjQbm+81eRnu1CpfdSCaWjVqzGSMKyHIleKJ/3C6Wxmz\nXWmA7/btvS097N0b8iUDNEmUzTAkRgMnaJ7/r+rPKDalPNq1iM5l17grZQuCqHs4\nR+NrwjC9STz+me0yeDRsPzntY/1Yck4e7YtFx9M6sd+Oy3E3u2dWTODDARWt13iu\ncyabAGKvZ6PtXA5Hk/pa8Xv030OLWCj8EoaOE9v/AAAAAwEAAQAAAQBYWs8Gh9sm\n/7XxEiDGhCjM4S6GtdAqmawXom3MLWYdy3U6ng3/7sEryk7g7cr2Sw0st8HtTqiN\nB6Rf5aUVyT8fPjZXrk2q9VTo5hRRvZDJ1VZji7asXMok7/059ui0GlkQ3If+6Q4M\nSYDP+hOMiVKK7F7zhzWsllbRVzmgYsr/OMeAjaxgZsb2cHojs61gxX6scORgNJ6X\nC/k+1K6Qw5K+sCyxJcoRDY64k9wFaNQG/o3l40Q0iZXpUHq0wqoXmvIH/LQ50WgS\nr+eEeSEW58ZXLO0DqHLnNR7pUDcPuw4LkPLvfP7h8GPhb+OpzhEx0mnEElEO3+a0\nzO4PqvhF7kbRAAAAgDjO/+r1xuBm/I4+b60MvTP7o3ZIch/0E6Lyu1iZUGj7wx4v\nPONiVUT5ojSaHfqz/SgFyf6LguOTu9bj0obpOMOXSwXmKXxxiWbStJvW+FL0MgE0\nDlqZ0SeJFjGplVnbCs59c4AZEagFfgYEvHcNUdHMx6vk9ontmF+JAO2D69jBAAAA\ngQDir1aVFPssSGVE/7Encccc2eFPVxkPse6TsQPJjq+1YXx8uANsrd0xueEu9PFB\n0H/E941LbmTKuD61/9ClG7qOcS3d+JtaBHFkZU4ZZ1tZC/PG6HJNZj9dR6dYQcdr\nyJYaZLdMEv8B6EYK7/jt2ij6wBZL4RXQZuf9Abn59IMdswAAAIEA/IDmu+0U4mWw\noO5xoZL4K2RXausdc+YHe7EroC/WhNdkFh7IWpuNfCYik8v7sQZfdzPOwg/aCwel\nmhm4Esle/mwBe12HM2j1uKH9z4nCuIwQRxpsIhoKKeb1FV2ZSu9J4liuNXGS4tNk\nDZNiREVyeb0EiQKY8Exli/6G4+8p2oUAAAAAAQID\n-----END OPENSSH PRIVATE KEY-----\n",
            "private_key_pem": "-----BEGIN RSA PRIVATE KEY-----\nMIIEpAIBAAKCAQEA35a9Nfr+vkEDOu9F7rDavnuEKRXLiOysAsDPVSQQKe18WmuX\n/Zh001WwcEKLVsAUKblAAW3hJ+rSEe50Pb6cOfBbody+b5I8hJEVVHSqzkKga+Ka\nuD/15RgzLwiqci5uYxo0G5vvNXkZ7tQqX3Ugmlo1asxkjCshyJXiif9wulsZs11p\ngO/27b0tPezdG/IlAzRJlM0wJEYDJ2ie/6/qzyg2pTzatYjOZde4K2ULgqh7OEfj\na8IwvUk8/pntMng0bD857WP9WHJOHu2LRcfTOrHfjstxN7tnVkzgwwEVrdd4rnMm\nmwBir2ej7VwOR5P6WvF79N9Di1go/BKGjhPb/wIDAQABAoIBAFhazwaH2yb/tfES\nIMaEKMzhLoa10CqZrBeibcwtZh3LdTqeDf/uwSvKTuDtyvZLDSy3we1OqI0HpF/l\npRXJPx8+NleuTar1VOjmFFG9kMnVVmOLtqxcyiTv/Tn26LQaWRDch/7pDgxJgM/6\nE4yJUorsXvOHNayWVtFXOaBiyv84x4CNrGBmxvZweiOzrWDFfqxw5GA0npcL+T7U\nrpDDkr6wLLElyhENjriT3AVo1Ab+jeXjRDSJlelQerTCqhea8gf8tDnRaBKv54R5\nIRbnxlcs7QOocuc1HulQNw+7DguQ8u98/uHwY+Fv46nOETHSacQSUQ7f5rTM7g+q\n+EXuRtECgYEA4q9WlRT7LEhlRP+xJ3HHHNnhT1cZD7Huk7EDyY6vtWF8fLgDbK3d\nMbnhLvTxQdB/xPeNS25kyrg+tf/QpRu6jnEt3fibWgRxZGVOGWdbWQvzxuhyTWY/\nXUenWEHHa8iWGmS3TBL/AehGCu/47doo+sAWS+EV0Gbn/QG5+fSDHbMCgYEA/IDm\nu+0U4mWwoO5xoZL4K2RXausdc+YHe7EroC/WhNdkFh7IWpuNfCYik8v7sQZfdzPO\nwg/aCwelmhm4Esle/mwBe12HM2j1uKH9z4nCuIwQRxpsIhoKKeb1FV2ZSu9J4liu\nNXGS4tNkDZNiREVyeb0EiQKY8Exli/6G4+8p2oUCgYEAjnYJIOotrDfXRRS4XgS4\nUN5xJe6j9mQpfrIZojtFG+WnWa4/oLZns8+QwHT5hhYlpkC5kLVRLMG7z590nb8e\ncFSascyCvYDbTnAINBjrpLvJObFt3Eys98+HUQUN8iP+iZnQREQP9T/nfQoxVDHt\n3SCJIqjTj8SMeUnzei37lNcCgYEAkzaPz2bk8y24ccsy4rGuEJZaxRI4xLaLDFl6\nBtV9K0vspVzjELh6H7SYGjUmE8qUZAoHdGsLg7y8lwCBqipPQOQ1ZPhdd+KsyC1h\nrdsydKfsYZgNDUDDRjTKFN/SHLcwC1AKmUwTCD2YqrWP6B/ZIxLJjxu9kPPpjFoj\nyMZKT4UCgYA4zv/q9cbgZvyOPm+tDL0z+6N2SHIf9BOi8rtYmVBo+8MeLzzjYlVE\n+aI0mh36s/0oBcn+i4Ljk7vW49KG6TjDl0sF5il8cYlm0rSb1vhS9DIBNA5amdEn\niRYxqZVZ2wrOfXOAGRGoBX4GBLx3DVHRzMer5PaJ7ZhfiQDtg+vYwQ==\n-----END RSA PRIVATE KEY-----\n",
            "private_key_pem_pkcs8": "-----BEGIN PRIVATE KEY-----\nMIIEvgIBADANBgkqhkiG9w0BAQEFAASCBKgwggSkAgEAAoIBAQDflr01+v6+QQM6\n70XusNq+e4QpFcuI7KwCwM9VJBAp7Xxaa5f9mHTTVbBwQotWwBQpuUABbeEn6tIR\n7nQ9vpw58Fuh3L5vkjyEkRVUdKrOQqBr4pq4P/XlGDMvCKpyLm5jGjQbm+81eRnu\n1CpfdSCaWjVqzGSMKyHIleKJ/3C6WxmzXWmA7/btvS097N0b8iUDNEmUzTAkRgMn\naJ7/r+rPKDalPNq1iM5l17grZQuCqHs4R+NrwjC9STz+me0yeDRsPzntY/1Yck4e\n7YtFx9M6sd+Oy3E3u2dWTODDARWt13iucyabAGKvZ6PtXA5Hk/pa8Xv030OLWCj8\nEoaOE9v/AgMBAAECggEAWFrPBofbJv+18RIgxoQozOEuhrXQKpmsF6JtzC1mHct1\nOp4N/+7BK8pO4O3K9ksNLLfB7U6ojQekX+WlFck/Hz42V65NqvVU6OYUUb2QydVW\nY4u2rFzKJO/9OfbotBpZENyH/ukODEmAz/oTjIlSiuxe84c1rJZW0Vc5oGLK/zjH\ngI2sYGbG9nB6I7OtYMV+rHDkYDSelwv5PtSukMOSvrAssSXKEQ2OuJPcBWjUBv6N\n5eNENImV6VB6tMKqF5ryB/y0OdFoEq/nhHkhFufGVyztA6hy5zUe6VA3D7sOC5Dy\n73z+4fBj4W/jqc4RMdJpxBJRDt/mtMzuD6r4Re5G0QKBgQDir1aVFPssSGVE/7En\ncccc2eFPVxkPse6TsQPJjq+1YXx8uANsrd0xueEu9PFB0H/E941LbmTKuD61/9Cl\nG7qOcS3d+JtaBHFkZU4ZZ1tZC/PG6HJNZj9dR6dYQcdryJYaZLdMEv8B6EYK7/jt\n2ij6wBZL4RXQZuf9Abn59IMdswKBgQD8gOa77RTiZbCg7nGhkvgrZFdq6x1z5gd7\nsSugL9aE12QWHsham418JiKTy/uxBl93M87CD9oLB6WaGbgSyV7+bAF7XYczaPW4\nof3PicK4jBBHGmwiGgop5vUVXZlK70niWK41cZLi02QNk2JERXJ5vQSJApjwTGWL\n/obj7ynahQKBgQCOdgkg6i2sN9dFFLheBLhQ3nEl7qP2ZCl+shmiO0Ub5adZrj+g\ntmezz5DAdPmGFiWmQLmQtVEswbvPn3Sdvx5wVJqxzIK9gNtOcAg0GOuku8k5sW3c\nTKz3z4dRBQ3yI/6JmdBERA/1P+d9CjFUMe3dIIkiqNOPxIx5SfN6LfuU1wKBgQCT\nNo/PZuTzLbhxyzLisa4QllrFEjjEtosMWXoG1X0rS+ylXOMQuHoftJgaNSYTypRk\nCgd0awuDvLyXAIGqKk9A5DVk+F134qzILWGt2zJ0p+xhmA0NQMNGNMoU39IctzAL\nUAqZTBMIPZiqtY/oH9kjEsmPG72Q8+mMWiPIxkpPhQKBgDjO/+r1xuBm/I4+b60M\nvTP7o3ZIch/0E6Lyu1iZUGj7wx4vPONiVUT5ojSaHfqz/SgFyf6LguOTu9bj0obp\nOMOXSwXmKXxxiWbStJvW+FL0MgE0DlqZ0SeJFjGplVnbCs59c4AZEagFfgYEvHcN\nUdHMx6vk9ontmF+JAO2D69jB\n-----END PRIVATE KEY-----\n",
            "public_key_fingerprint_md5": "e0:51:7b:33:3e:74:0c:62:88:56:01:16:96:57:12:cd",
            "public_key_fingerprint_sha256": "SHA256:e5v0ekQYZhCi+xsteAaptfH4L0jtCxAGaJ2RCFwwHxE",
            "public_key_openssh": "ssh-rsa AAAAB3NzaC1yc2EAAAADAQABAAABAQDflr01+v6+QQM670XusNq+e4QpFcuI7KwCwM9VJBAp7Xxaa5f9mHTTVbBwQotWwBQpuUABbeEn6tIR7nQ9vpw58Fuh3L5vkjyEkRVUdKrOQqBr4pq4P/XlGDMvCKpyLm5jGjQbm+81eRnu1CpfdSCaWjVqzGSMKyHIleKJ/3C6WxmzXWmA7/btvS097N0b8iUDNEmUzTAkRgMnaJ7/r+rPKDalPNq1iM5l17grZQuCqHs4R+NrwjC9STz+me0yeDRsPzntY/1Yck4e7YtFx9M6sd+Oy3E3u2dWTODDARWt13iucyabAGKvZ6PtXA5Hk/pa8Xv030OLWCj8EoaOE9v/\n",
            "public_key_pem": "-----BEGIN PUBLIC KEY-----\nMIIBIjANBgkqhkiG9w0BAQEFAAOCAQ8AMIIBCgKCAQEA35a9Nfr+vkEDOu9F7rDa\nvnuEKRXLiOysAsDPVSQQKe18WmuX/Zh001WwcEKLVsAUKblAAW3hJ+rSEe50Pb6c\nOfBbody+b5I8hJEVVHSqzkKga+KauD/15RgzLwiqci5uYxo0G5vvNXkZ7tQqX3Ug\nmlo1asxkjCshyJXiif9wulsZs11pgO/27b0tPezdG/IlAzRJlM0wJEYDJ2ie/6/q\nzyg2pTzatYjOZde4K2ULgqh7OEfja8IwvUk8/pntMng0bD857WP9WHJOHu2LRcfT\nOrHfjstxN7tnVkzgwwEVrdd4rnMmmwBir2ej7VwOR5P6WvF79N9Di1go/BKGjhPb\n/wIDAQAB\n-----END PUBLIC KEY-----\n",
            "rsa_bits": 2048
          },
          "sensitive_attributes": []
        }
      ]
    }
  ],
  "check_results": null
}
